{
  "name": "node-js-getting-started",
  "version": "0.3.0",
  "lockfileVersion": 1,
  "requires": true,
  "dependencies": {
    "mapwize": {
      "version": "3.1.1",
      "resolved": "https://registry.npmjs.org/mapwize/-/mapwize-3.1.1.tgz",
      "integrity": "sha512-w0kRpWCdf5BnxtIoE6bdeO2Y9C8HpDNUtjoKu09AhFzTe2Qnj9IJZZZNh0rHZa9xo5EIw3ykF7Zod3b6J/sSnQ=="
    }
  }
}
